// !$*UTF8*$!
{
	archiveVersion = 1;
	classes = {
	};
	objectVersion = 56;
	objects = {

/* Begin PBXBuildFile section */
		7699FDF62A11339500E9292D /* TLButton.swift in Sources */ = {isa = PBXBuildFile; fileRef = 7699FDF52A11339500E9292D /* TLButton.swift */; };
		76CB8CB22A10DBC900D9D9A2 /* ToDoListApp.swift in Sources */ = {isa = PBXBuildFile; fileRef = 76CB8CB12A10DBC900D9D9A2 /* ToDoListApp.swift */; };
		76CB8CB42A10DBC900D9D9A2 /* MainView.swift in Sources */ = {isa = PBXBuildFile; fileRef = 76CB8CB32A10DBC900D9D9A2 /* MainView.swift */; };
		76CB8CB62A10DBCB00D9D9A2 /* Assets.xcassets in Resources */ = {isa = PBXBuildFile; fileRef = 76CB8CB52A10DBCB00D9D9A2 /* Assets.xcassets */; };
		76CB8CB92A10DBCB00D9D9A2 /* Preview Assets.xcassets in Resources */ = {isa = PBXBuildFile; fileRef = 76CB8CB82A10DBCB00D9D9A2 /* Preview Assets.xcassets */; };
		76CB8CC12A10DCFB00D9D9A2 /* FirebaseAuth in Frameworks */ = {isa = PBXBuildFile; productRef = 76CB8CC02A10DCFB00D9D9A2 /* FirebaseAuth */; };
		76CB8CC32A10DCFB00D9D9A2 /* FirebaseFirestore in Frameworks */ = {isa = PBXBuildFile; productRef = 76CB8CC22A10DCFB00D9D9A2 /* FirebaseFirestore */; };
		76CB8CC52A10DCFB00D9D9A2 /* FirebaseFirestoreSwift in Frameworks */ = {isa = PBXBuildFile; productRef = 76CB8CC42A10DCFB00D9D9A2 /* FirebaseFirestoreSwift */; };
		76CB8CC72A10DED500D9D9A2 /* GoogleService-Info.plist in Resources */ = {isa = PBXBuildFile; fileRef = 76CB8CC62A10DED400D9D9A2 /* GoogleService-Info.plist */; };
		76CB8CCE2A10E2D300D9D9A2 /* ProfileView.swift in Sources */ = {isa = PBXBuildFile; fileRef = 76CB8CCD2A10E2D300D9D9A2 /* ProfileView.swift */; };
		76CB8CD02A10E2FD00D9D9A2 /* ToDoListView.swift in Sources */ = {isa = PBXBuildFile; fileRef = 76CB8CCF2A10E2FD00D9D9A2 /* ToDoListView.swift */; };
		76CB8CD22A10E32A00D9D9A2 /* NewItemView.swift in Sources */ = {isa = PBXBuildFile; fileRef = 76CB8CD12A10E32A00D9D9A2 /* NewItemView.swift */; };
		76CB8CD42A10E34500D9D9A2 /* LoginView.swift in Sources */ = {isa = PBXBuildFile; fileRef = 76CB8CD32A10E34500D9D9A2 /* LoginView.swift */; };
		76CB8CD82A10E39D00D9D9A2 /* ToDoListItemView.swift in Sources */ = {isa = PBXBuildFile; fileRef = 76CB8CD72A10E39D00D9D9A2 /* ToDoListItemView.swift */; };
		76CB8CDC2A10E43D00D9D9A2 /* User.swift in Sources */ = {isa = PBXBuildFile; fileRef = 76CB8CDB2A10E43D00D9D9A2 /* User.swift */; };
		76CB8CDE2A10E45100D9D9A2 /* ToDoListItem.swift in Sources */ = {isa = PBXBuildFile; fileRef = 76CB8CDD2A10E45100D9D9A2 /* ToDoListItem.swift */; };
		76CB8CE02A10E48A00D9D9A2 /* MainViewViewModel.swift in Sources */ = {isa = PBXBuildFile; fileRef = 76CB8CDF2A10E48A00D9D9A2 /* MainViewViewModel.swift */; };
		76CB8CE22A10E4A500D9D9A2 /* ProfileViewViewModel.swift in Sources */ = {isa = PBXBuildFile; fileRef = 76CB8CE12A10E4A500D9D9A2 /* ProfileViewViewModel.swift */; };
		76CB8CE42A10E4BC00D9D9A2 /* ToDoListViewViewModel.swift in Sources */ = {isa = PBXBuildFile; fileRef = 76CB8CE32A10E4BC00D9D9A2 /* ToDoListViewViewModel.swift */; };
		76CB8CE62A10E4E800D9D9A2 /* NewItemsViewViewModel.swift in Sources */ = {isa = PBXBuildFile; fileRef = 76CB8CE52A10E4E800D9D9A2 /* NewItemsViewViewModel.swift */; };
		76CB8CE82A10E4F500D9D9A2 /* LoginViewViewModel.swift in Sources */ = {isa = PBXBuildFile; fileRef = 76CB8CE72A10E4F500D9D9A2 /* LoginViewViewModel.swift */; };
		76CB8CEA2A10E50600D9D9A2 /* RegisterViewViewModel.swift in Sources */ = {isa = PBXBuildFile; fileRef = 76CB8CE92A10E50600D9D9A2 /* RegisterViewViewModel.swift */; };
		76CB8CEC2A10E52D00D9D9A2 /* ToDoListItemViewViewModel.swift in Sources */ = {isa = PBXBuildFile; fileRef = 76CB8CEB2A10E52D00D9D9A2 /* ToDoListItemViewViewModel.swift */; };
		76CB8CEE2A1109EF00D9D9A2 /* HeaderView.swift in Sources */ = {isa = PBXBuildFile; fileRef = 76CB8CED2A1109EF00D9D9A2 /* HeaderView.swift */; };
		76CB8CF02A11213800D9D9A2 /* RegisterView.swift in Sources */ = {isa = PBXBuildFile; fileRef = 76CB8CEF2A11213800D9D9A2 /* RegisterView.swift */; };
/* End PBXBuildFile section */

/* Begin PBXFileReference section */
		7699FDF52A11339500E9292D /* TLButton.swift */ = {isa = PBXFileReference; lastKnownFileType = sourcecode.swift; path = TLButton.swift; sourceTree = "<group>"; };
		76CB8CAE2A10DBC900D9D9A2 /* ToDoList.app */ = {isa = PBXFileReference; explicitFileType = wrapper.application; includeInIndex = 0; path = ToDoList.app; sourceTree = BUILT_PRODUCTS_DIR; };
		76CB8CB12A10DBC900D9D9A2 /* ToDoListApp.swift */ = {isa = PBXFileReference; lastKnownFileType = sourcecode.swift; path = ToDoListApp.swift; sourceTree = "<group>"; };
		76CB8CB32A10DBC900D9D9A2 /* MainView.swift */ = {isa = PBXFileReference; lastKnownFileType = sourcecode.swift; path = MainView.swift; sourceTree = "<group>"; };
		76CB8CB52A10DBCB00D9D9A2 /* Assets.xcassets */ = {isa = PBXFileReference; lastKnownFileType = folder.assetcatalog; path = Assets.xcassets; sourceTree = "<group>"; };
		76CB8CB82A10DBCB00D9D9A2 /* Preview Assets.xcassets */ = {isa = PBXFileReference; lastKnownFileType = folder.assetcatalog; path = "Preview Assets.xcassets"; sourceTree = "<group>"; };
		76CB8CC62A10DED400D9D9A2 /* GoogleService-Info.plist */ = {isa = PBXFileReference; fileEncoding = 4; lastKnownFileType = text.plist.xml; path = "GoogleService-Info.plist"; sourceTree = "<group>"; };
		76CB8CCD2A10E2D300D9D9A2 /* ProfileView.swift */ = {isa = PBXFileReference; lastKnownFileType = sourcecode.swift; path = ProfileView.swift; sourceTree = "<group>"; };
		76CB8CCF2A10E2FD00D9D9A2 /* ToDoListView.swift */ = {isa = PBXFileReference; lastKnownFileType = sourcecode.swift; path = ToDoListView.swift; sourceTree = "<group>"; };
		76CB8CD12A10E32A00D9D9A2 /* NewItemView.swift */ = {isa = PBXFileReference; lastKnownFileType = sourcecode.swift; path = NewItemView.swift; sourceTree = "<group>"; };
		76CB8CD32A10E34500D9D9A2 /* LoginView.swift */ = {isa = PBXFileReference; lastKnownFileType = sourcecode.swift; path = LoginView.swift; sourceTree = "<group>"; };
		76CB8CD72A10E39D00D9D9A2 /* ToDoListItemView.swift */ = {isa = PBXFileReference; lastKnownFileType = sourcecode.swift; path = ToDoListItemView.swift; sourceTree = "<group>"; };
		76CB8CDB2A10E43D00D9D9A2 /* User.swift */ = {isa = PBXFileReference; lastKnownFileType = sourcecode.swift; path = User.swift; sourceTree = "<group>"; };
		76CB8CDD2A10E45100D9D9A2 /* ToDoListItem.swift */ = {isa = PBXFileReference; lastKnownFileType = sourcecode.swift; path = ToDoListItem.swift; sourceTree = "<group>"; };
		76CB8CDF2A10E48A00D9D9A2 /* MainViewViewModel.swift */ = {isa = PBXFileReference; lastKnownFileType = sourcecode.swift; path = MainViewViewModel.swift; sourceTree = "<group>"; };
		76CB8CE12A10E4A500D9D9A2 /* ProfileViewViewModel.swift */ = {isa = PBXFileReference; lastKnownFileType = sourcecode.swift; path = ProfileViewViewModel.swift; sourceTree = "<group>"; };
		76CB8CE32A10E4BC00D9D9A2 /* ToDoListViewViewModel.swift */ = {isa = PBXFileReference; lastKnownFileType = sourcecode.swift; path = ToDoListViewViewModel.swift; sourceTree = "<group>"; };
		76CB8CE52A10E4E800D9D9A2 /* NewItemsViewViewModel.swift */ = {isa = PBXFileReference; lastKnownFileType = sourcecode.swift; path = NewItemsViewViewModel.swift; sourceTree = "<group>"; };
		76CB8CE72A10E4F500D9D9A2 /* LoginViewViewModel.swift */ = {isa = PBXFileReference; lastKnownFileType = sourcecode.swift; path = LoginViewViewModel.swift; sourceTree = "<group>"; };
		76CB8CE92A10E50600D9D9A2 /* RegisterViewViewModel.swift */ = {isa = PBXFileReference; lastKnownFileType = sourcecode.swift; path = RegisterViewViewModel.swift; sourceTree = "<group>"; };
		76CB8CEB2A10E52D00D9D9A2 /* ToDoListItemViewViewModel.swift */ = {isa = PBXFileReference; lastKnownFileType = sourcecode.swift; path = ToDoListItemViewViewModel.swift; sourceTree = "<group>"; };
		76CB8CED2A1109EF00D9D9A2 /* HeaderView.swift */ = {isa = PBXFileReference; lastKnownFileType = sourcecode.swift; path = HeaderView.swift; sourceTree = "<group>"; };
		76CB8CEF2A11213800D9D9A2 /* RegisterView.swift */ = {isa = PBXFileReference; lastKnownFileType = sourcecode.swift; path = RegisterView.swift; sourceTree = "<group>"; };
/* End PBXFileReference section */

/* Begin PBXFrameworksBuildPhase section */
		76CB8CAB2A10DBC900D9D9A2 /* Frameworks */ = {
			isa = PBXFrameworksBuildPhase;
			buildActionMask = 2147483647;
			files = (
				76CB8CC12A10DCFB00D9D9A2 /* FirebaseAuth in Frameworks */,
				76CB8CC32A10DCFB00D9D9A2 /* FirebaseFirestore in Frameworks */,
				76CB8CC52A10DCFB00D9D9A2 /* FirebaseFirestoreSwift in Frameworks */,
			);
			runOnlyForDeploymentPostprocessing = 0;
		};
/* End PBXFrameworksBuildPhase section */

/* Begin PBXGroup section */
		76CB8CA52A10DBC900D9D9A2 = {
			isa = PBXGroup;
			children = (
				76CB8CB02A10DBC900D9D9A2 /* ToDoList */,
				76CB8CAF2A10DBC900D9D9A2 /* Products */,
			);
			sourceTree = "<group>";
		};
		76CB8CAF2A10DBC900D9D9A2 /* Products */ = {
			isa = PBXGroup;
			children = (
				76CB8CAE2A10DBC900D9D9A2 /* ToDoList.app */,
			);
			name = Products;
			sourceTree = "<group>";
		};
		76CB8CB02A10DBC900D9D9A2 /* ToDoList */ = {
			isa = PBXGroup;
			children = (
				76CB8CCC2A10E12400D9D9A2 /* Other */,
				76CB8CCB2A10E10500D9D9A2 /* Models */,
				76CB8CCA2A10E0E200D9D9A2 /* ViewModels */,
				76CB8CC82A10E0C500D9D9A2 /* Views */,
				76CB8CB72A10DBCB00D9D9A2 /* Preview Content */,
			);
			path = ToDoList;
			sourceTree = "<group>";
		};
		76CB8CB72A10DBCB00D9D9A2 /* Preview Content */ = {
			isa = PBXGroup;
			children = (
				76CB8CB82A10DBCB00D9D9A2 /* Preview Assets.xcassets */,
			);
			path = "Preview Content";
			sourceTree = "<group>";
		};
		76CB8CC82A10E0C500D9D9A2 /* Views */ = {
			isa = PBXGroup;
			children = (
				76CB8CB32A10DBC900D9D9A2 /* MainView.swift */,
				76CB8CCD2A10E2D300D9D9A2 /* ProfileView.swift */,
				76CB8CCF2A10E2FD00D9D9A2 /* ToDoListView.swift */,
				76CB8CD12A10E32A00D9D9A2 /* NewItemView.swift */,
				76CB8CD32A10E34500D9D9A2 /* LoginView.swift */,
				76CB8CD72A10E39D00D9D9A2 /* ToDoListItemView.swift */,
				76CB8CED2A1109EF00D9D9A2 /* HeaderView.swift */,
				76CB8CEF2A11213800D9D9A2 /* RegisterView.swift */,
				7699FDF52A11339500E9292D /* TLButton.swift */,
			);
			path = Views;
			sourceTree = "<group>";
		};
		76CB8CCA2A10E0E200D9D9A2 /* ViewModels */ = {
			isa = PBXGroup;
			children = (
				76CB8CDF2A10E48A00D9D9A2 /* MainViewViewModel.swift */,
				76CB8CE12A10E4A500D9D9A2 /* ProfileViewViewModel.swift */,
				76CB8CE32A10E4BC00D9D9A2 /* ToDoListViewViewModel.swift */,
				76CB8CE52A10E4E800D9D9A2 /* NewItemsViewViewModel.swift */,
				76CB8CE72A10E4F500D9D9A2 /* LoginViewViewModel.swift */,
				76CB8CE92A10E50600D9D9A2 /* RegisterViewViewModel.swift */,
				76CB8CEB2A10E52D00D9D9A2 /* ToDoListItemViewViewModel.swift */,
			);
			path = ViewModels;
			sourceTree = "<group>";
		};
		76CB8CCB2A10E10500D9D9A2 /* Models */ = {
			isa = PBXGroup;
			children = (
				76CB8CDB2A10E43D00D9D9A2 /* User.swift */,
				76CB8CDD2A10E45100D9D9A2 /* ToDoListItem.swift */,
			);
			path = Models;
			sourceTree = "<group>";
		};
		76CB8CCC2A10E12400D9D9A2 /* Other */ = {
			isa = PBXGroup;
			children = (
				76CB8CC62A10DED400D9D9A2 /* GoogleService-Info.plist */,
				76CB8CB52A10DBCB00D9D9A2 /* Assets.xcassets */,
				76CB8CB12A10DBC900D9D9A2 /* ToDoListApp.swift */,
			);
			path = Other;
			sourceTree = "<group>";
		};
/* End PBXGroup section */

/* Begin PBXNativeTarget section */
		76CB8CAD2A10DBC900D9D9A2 /* ToDoList */ = {
			isa = PBXNativeTarget;
			buildConfigurationList = 76CB8CBC2A10DBCB00D9D9A2 /* Build configuration list for PBXNativeTarget "ToDoList" */;
			buildPhases = (
				76CB8CAA2A10DBC900D9D9A2 /* Sources */,
				76CB8CAB2A10DBC900D9D9A2 /* Frameworks */,
				76CB8CAC2A10DBC900D9D9A2 /* Resources */,
			);
			buildRules = (
			);
			dependencies = (
			);
			name = ToDoList;
			packageProductDependencies = (
				76CB8CC02A10DCFB00D9D9A2 /* FirebaseAuth */,
				76CB8CC22A10DCFB00D9D9A2 /* FirebaseFirestore */,
				76CB8CC42A10DCFB00D9D9A2 /* FirebaseFirestoreSwift */,
			);
			productName = ToDoList;
			productReference = 76CB8CAE2A10DBC900D9D9A2 /* ToDoList.app */;
			productType = "com.apple.product-type.application";
		};
/* End PBXNativeTarget section */

/* Begin PBXProject section */
		76CB8CA62A10DBC900D9D9A2 /* Project object */ = {
			isa = PBXProject;
			attributes = {
				BuildIndependentTargetsInParallel = 1;
				LastSwiftUpdateCheck = 1430;
				LastUpgradeCheck = 1430;
				TargetAttributes = {
					76CB8CAD2A10DBC900D9D9A2 = {
						CreatedOnToolsVersion = 14.3;
					};
				};
			};
			buildConfigurationList = 76CB8CA92A10DBC900D9D9A2 /* Build configuration list for PBXProject "ToDoList" */;
			compatibilityVersion = "Xcode 14.0";
			developmentRegion = en;
			hasScannedForEncodings = 0;
			knownRegions = (
				en,
				Base,
			);
			mainGroup = 76CB8CA52A10DBC900D9D9A2;
			packageReferences = (
				76CB8CBF2A10DCFA00D9D9A2 /* XCRemoteSwiftPackageReference "firebase-ios-sdk" */,
			);
			productRefGroup = 76CB8CAF2A10DBC900D9D9A2 /* Products */;
			projectDirPath = "";
			projectRoot = "";
			targets = (
				76CB8CAD2A10DBC900D9D9A2 /* ToDoList */,
			);
		};
/* End PBXProject section */

/* Begin PBXResourcesBuildPhase section */
		76CB8CAC2A10DBC900D9D9A2 /* Resources */ = {
			isa = PBXResourcesBuildPhase;
			buildActionMask = 2147483647;
			files = (
				76CB8CB92A10DBCB00D9D9A2 /* Preview Assets.xcassets in Resources */,
				76CB8CB62A10DBCB00D9D9A2 /* Assets.xcassets in Resources */,
				76CB8CC72A10DED500D9D9A2 /* GoogleService-Info.plist in Resources */,
			);
			runOnlyForDeploymentPostprocessing = 0;
		};
/* End PBXResourcesBuildPhase section */

/* Begin PBXSourcesBuildPhase section */
		76CB8CAA2A10DBC900D9D9A2 /* Sources */ = {
			isa = PBXSourcesBuildPhase;
			buildActionMask = 2147483647;
			files = (
				76CB8CD42A10E34500D9D9A2 /* LoginView.swift in Sources */,
				76CB8CEE2A1109EF00D9D9A2 /* HeaderView.swift in Sources */,
				76CB8CB42A10DBC900D9D9A2 /* MainView.swift in Sources */,
				76CB8CEA2A10E50600D9D9A2 /* RegisterViewViewModel.swift in Sources */,
				76CB8CE02A10E48A00D9D9A2 /* MainViewViewModel.swift in Sources */,
				76CB8CD02A10E2FD00D9D9A2 /* ToDoListView.swift in Sources */,
				76CB8CE22A10E4A500D9D9A2 /* ProfileViewViewModel.swift in Sources */,
				7699FDF62A11339500E9292D /* TLButton.swift in Sources */,
				76CB8CF02A11213800D9D9A2 /* RegisterView.swift in Sources */,
				76CB8CCE2A10E2D300D9D9A2 /* ProfileView.swift in Sources */,
				76CB8CDC2A10E43D00D9D9A2 /* User.swift in Sources */,
				76CB8CD82A10E39D00D9D9A2 /* ToDoListItemView.swift in Sources */,
				76CB8CE42A10E4BC00D9D9A2 /* ToDoListViewViewModel.swift in Sources */,
				76CB8CE82A10E4F500D9D9A2 /* LoginViewViewModel.swift in Sources */,
				76CB8CB22A10DBC900D9D9A2 /* ToDoListApp.swift in Sources */,
				76CB8CDE2A10E45100D9D9A2 /* ToDoListItem.swift in Sources */,
				76CB8CD22A10E32A00D9D9A2 /* NewItemView.swift in Sources */,
				76CB8CE62A10E4E800D9D9A2 /* NewItemsViewViewModel.swift in Sources */,
				76CB8CEC2A10E52D00D9D9A2 /* ToDoListItemViewViewModel.swift in Sources */,
			);
			runOnlyForDeploymentPostprocessing = 0;
		};
/* End PBXSourcesBuildPhase section */

/* Begin XCBuildConfiguration section */
		76CB8CBA2A10DBCB00D9D9A2 /* Debug */ = {
			isa = XCBuildConfiguration;
			buildSettings = {
				ALWAYS_SEARCH_USER_PATHS = NO;
				CLANG_ANALYZER_NONNULL = YES;
				CLANG_ANALYZER_NUMBER_OBJECT_CONVERSION = YES_AGGRESSIVE;
				CLANG_CXX_LANGUAGE_STANDARD = "gnu++20";
				CLANG_ENABLE_MODULES = YES;
				CLANG_ENABLE_OBJC_ARC = YES;
				CLANG_ENABLE_OBJC_WEAK = YES;
				CLANG_WARN_BLOCK_CAPTURE_AUTORELEASING = YES;
				CLANG_WARN_BOOL_CONVERSION = YES;
				CLANG_WARN_COMMA = YES;
				CLANG_WARN_CONSTANT_CONVERSION = YES;
				CLANG_WARN_DEPRECATED_OBJC_IMPLEMENTATIONS = YES;
				CLANG_WARN_DIRECT_OBJC_ISA_USAGE = YES_ERROR;
				CLANG_WARN_DOCUMENTATION_COMMENTS = YES;
				CLANG_WARN_EMPTY_BODY = YES;
				CLANG_WARN_ENUM_CONVERSION = YES;
				CLANG_WARN_INFINITE_RECURSION = YES;
				CLANG_WARN_INT_CONVERSION = YES;
				CLANG_WARN_NON_LITERAL_NULL_CONVERSION = YES;
				CLANG_WARN_OBJC_IMPLICIT_RETAIN_SELF = YES;
				CLANG_WARN_OBJC_LITERAL_CONVERSION = YES;
				CLANG_WARN_OBJC_ROOT_CLASS = YES_ERROR;
				CLANG_WARN_QUOTED_INCLUDE_IN_FRAMEWORK_HEADER = YES;
				CLANG_WARN_RANGE_LOOP_ANALYSIS = YES;
				CLANG_WARN_STRICT_PROTOTYPES = YES;
				CLANG_WARN_SUSPICIOUS_MOVE = YES;
				CLANG_WARN_UNGUARDED_AVAILABILITY = YES_AGGRESSIVE;
				CLANG_WARN_UNREACHABLE_CODE = YES;
				CLANG_WARN__DUPLICATE_METHOD_MATCH = YES;
				COPY_PHASE_STRIP = NO;
				DEBUG_INFORMATION_FORMAT = dwarf;
				ENABLE_STRICT_OBJC_MSGSEND = YES;
				ENABLE_TESTABILITY = YES;
				GCC_C_LANGUAGE_STANDARD = gnu11;
				GCC_DYNAMIC_NO_PIC = NO;
				GCC_NO_COMMON_BLOCKS = YES;
				GCC_OPTIMIZATION_LEVEL = 0;
				GCC_PREPROCESSOR_DEFINITIONS = (
					"DEBUG=1",
					"$(inherited)",
				);
				GCC_WARN_64_TO_32_BIT_CONVERSION = YES;
				GCC_WARN_ABOUT_RETURN_TYPE = YES_ERROR;
				GCC_WARN_UNDECLARED_SELECTOR = YES;
				GCC_WARN_UNINITIALIZED_AUTOS = YES_AGGRESSIVE;
				GCC_WARN_UNUSED_FUNCTION = YES;
				GCC_WARN_UNUSED_VARIABLE = YES;
				IPHONEOS_DEPLOYMENT_TARGET = 16.4;
				MTL_ENABLE_DEBUG_INFO = INCLUDE_SOURCE;
				MTL_FAST_MATH = YES;
				ONLY_ACTIVE_ARCH = YES;
				SDKROOT = iphoneos;
				SWIFT_ACTIVE_COMPILATION_CONDITIONS = DEBUG;
				SWIFT_OPTIMIZATION_LEVEL = "-Onone";
			};
			name = Debug;
		};
		76CB8CBB2A10DBCB00D9D9A2 /* Release */ = {
			isa = XCBuildConfiguration;
			buildSettings = {
				ALWAYS_SEARCH_USER_PATHS = NO;
				CLANG_ANALYZER_NONNULL = YES;
				CLANG_ANALYZER_NUMBER_OBJECT_CONVERSION = YES_AGGRESSIVE;
				CLANG_CXX_LANGUAGE_STANDARD = "gnu++20";
				CLANG_ENABLE_MODULES = YES;
				CLANG_ENABLE_OBJC_ARC = YES;
				CLANG_ENABLE_OBJC_WEAK = YES;
				CLANG_WARN_BLOCK_CAPTURE_AUTORELEASING = YES;
				CLANG_WARN_BOOL_CONVERSION = YES;
				CLANG_WARN_COMMA = YES;
				CLANG_WARN_CONSTANT_CONVERSION = YES;
				CLANG_WARN_DEPRECATED_OBJC_IMPLEMENTATIONS = YES;
				CLANG_WARN_DIRECT_OBJC_ISA_USAGE = YES_ERROR;
				CLANG_WARN_DOCUMENTATION_COMMENTS = YES;
				CLANG_WARN_EMPTY_BODY = YES;
				CLANG_WARN_ENUM_CONVERSION = YES;
				CLANG_WARN_INFINITE_RECURSION = YES;
				CLANG_WARN_INT_CONVERSION = YES;
				CLANG_WARN_NON_LITERAL_NULL_CONVERSION = YES;
				CLANG_WARN_OBJC_IMPLICIT_RETAIN_SELF = YES;
				CLANG_WARN_OBJC_LITERAL_CONVERSION = YES;
				CLANG_WARN_OBJC_ROOT_CLASS = YES_ERROR;
				CLANG_WARN_QUOTED_INCLUDE_IN_FRAMEWORK_HEADER = YES;
				CLANG_WARN_RANGE_LOOP_ANALYSIS = YES;
				CLANG_WARN_STRICT_PROTOTYPES = YES;
				CLANG_WARN_SUSPICIOUS_MOVE = YES;
				CLANG_WARN_UNGUARDED_AVAILABILITY = YES_AGGRESSIVE;
				CLANG_WARN_UNREACHABLE_CODE = YES;
				CLANG_WARN__DUPLICATE_METHOD_MATCH = YES;
				COPY_PHASE_STRIP = NO;
				DEBUG_INFORMATION_FORMAT = "dwarf-with-dsym";
				ENABLE_NS_ASSERTIONS = NO;
				ENABLE_STRICT_OBJC_MSGSEND = YES;
				GCC_C_LANGUAGE_STANDARD = gnu11;
				GCC_NO_COMMON_BLOCKS = YES;
				GCC_WARN_64_TO_32_BIT_CONVERSION = YES;
				GCC_WARN_ABOUT_RETURN_TYPE = YES_ERROR;
				GCC_WARN_UNDECLARED_SELECTOR = YES;
				GCC_WARN_UNINITIALIZED_AUTOS = YES_AGGRESSIVE;
				GCC_WARN_UNUSED_FUNCTION = YES;
				GCC_WARN_UNUSED_VARIABLE = YES;
				IPHONEOS_DEPLOYMENT_TARGET = 16.4;
				MTL_ENABLE_DEBUG_INFO = NO;
				MTL_FAST_MATH = YES;
				SDKROOT = iphoneos;
				SWIFT_COMPILATION_MODE = wholemodule;
				SWIFT_OPTIMIZATION_LEVEL = "-O";
				VALIDATE_PRODUCT = YES;
			};
			name = Release;
		};
		76CB8CBD2A10DBCB00D9D9A2 /* Debug */ = {
			isa = XCBuildConfiguration;
			buildSettings = {
				ASSETCATALOG_COMPILER_APPICON_NAME = AppIcon;
				ASSETCATALOG_COMPILER_GLOBAL_ACCENT_COLOR_NAME = AccentColor;
				CODE_SIGN_STYLE = Automatic;
				CURRENT_PROJECT_VERSION = 1;
				DEVELOPMENT_ASSET_PATHS = "\"ToDoList/Preview Content\"";
				DEVELOPMENT_TEAM = 3YV55FQD7M;
				ENABLE_PREVIEWS = YES;
				GENERATE_INFOPLIST_FILE = YES;
				INFOPLIST_KEY_CFBundleDisplayName = "To Do List";
				INFOPLIST_KEY_UIApplicationSceneManifest_Generation = YES;
				INFOPLIST_KEY_UIApplicationSupportsIndirectInputEvents = YES;
				INFOPLIST_KEY_UILaunchScreen_Generation = YES;
				INFOPLIST_KEY_UISupportedInterfaceOrientations = UIInterfaceOrientationPortrait;
				LD_RUNPATH_SEARCH_PATHS = (
					"$(inherited)",
					"@executable_path/Frameworks",
				);
				MARKETING_VERSION = 1.0;
				PRODUCT_BUNDLE_IDENTIFIER = "Vasanth-Kumar-V";
				PRODUCT_NAME = "$(TARGET_NAME)";
				SWIFT_EMIT_LOC_STRINGS = YES;
				SWIFT_VERSION = 5.0;
				TARGETED_DEVICE_FAMILY = "1,2";
			};
			name = Debug;
		};
		76CB8CBE2A10DBCB00D9D9A2 /* Release */ = {
			isa = XCBuildConfiguration;
			buildSettings = {
				ASSETCATALOG_COMPILER_APPICON_NAME = AppIcon;
				ASSETCATALOG_COMPILER_GLOBAL_ACCENT_COLOR_NAME = AccentColor;
				CODE_SIGN_STYLE = Automatic;
				CURRENT_PROJECT_VERSION = 1;
				DEVELOPMENT_ASSET_PATHS = "\"ToDoList/Preview Content\"";
				DEVELOPMENT_TEAM = 3YV55FQD7M;
				ENABLE_PREVIEWS = YES;
				GENERATE_INFOPLIST_FILE = YES;
				INFOPLIST_KEY_CFBundleDisplayName = "To Do List";
				INFOPLIST_KEY_UIApplicationSceneManifest_Generation = YES;
				INFOPLIST_KEY_UIApplicationSupportsIndirectInputEvents = YES;
				INFOPLIST_KEY_UILaunchScreen_Generation = YES;
				INFOPLIST_KEY_UISupportedInterfaceOrientations = UIInterfaceOrientationPortrait;
				LD_RUNPATH_SEARCH_PATHS = (
					"$(inherited)",
					"@executable_path/Frameworks",
				);
				MARKETING_VERSION = 1.0;
				PRODUCT_BUNDLE_IDENTIFIER = "Vasanth-Kumar-V";
				PRODUCT_NAME = "$(TARGET_NAME)";
				SWIFT_EMIT_LOC_STRINGS = YES;
				SWIFT_VERSION = 5.0;
				TARGETED_DEVICE_FAMILY = "1,2";
			};
			name = Release;
		};
/* End XCBuildConfiguration section */

/* Begin XCConfigurationList section */
		76CB8CA92A10DBC900D9D9A2 /* Build configuration list for PBXProject "ToDoList" */ = {
			isa = XCConfigurationList;
			buildConfigurations = (
				76CB8CBA2A10DBCB00D9D9A2 /* Debug */,
				76CB8CBB2A10DBCB00D9D9A2 /* Release */,
			);
			defaultConfigurationIsVisible = 0;
			defaultConfigurationName = Release;
		};
		76CB8CBC2A10DBCB00D9D9A2 /* Build configuration list for PBXNativeTarget "ToDoList" */ = {
			isa = XCConfigurationList;
			buildConfigurations = (
				76CB8CBD2A10DBCB00D9D9A2 /* Debug */,
				76CB8CBE2A10DBCB00D9D9A2 /* Release */,
			);
			defaultConfigurationIsVisible = 0;
			defaultConfigurationName = Release;
		};
/* End XCConfigurationList section */

/* Begin XCRemoteSwiftPackageReference section */
		76CB8CBF2A10DCFA00D9D9A2 /* XCRemoteSwiftPackageReference "firebase-ios-sdk" */ = {
			isa = XCRemoteSwiftPackageReference;
			repositoryURL = "https://github.com/firebase/firebase-ios-sdk";
			requirement = {
				kind = upToNextMajorVersion;
				minimumVersion = 10.0.0;
			};
		};
/* End XCRemoteSwiftPackageReference section */

/* Begin XCSwiftPackageProductDependency section */
		76CB8CC02A10DCFB00D9D9A2 /* FirebaseAuth */ = {
			isa = XCSwiftPackageProductDependency;
			package = 76CB8CBF2A10DCFA00D9D9A2 /* XCRemoteSwiftPackageReference "firebase-ios-sdk" */;
			productName = FirebaseAuth;
		};
		76CB8CC22A10DCFB00D9D9A2 /* FirebaseFirestore */ = {
			isa = XCSwiftPackageProductDependency;
			package = 76CB8CBF2A10DCFA00D9D9A2 /* XCRemoteSwiftPackageReference "firebase-ios-sdk" */;
			productName = FirebaseFirestore;
		};
		76CB8CC42A10DCFB00D9D9A2 /* FirebaseFirestoreSwift */ = {
			isa = XCSwiftPackageProductDependency;
			package = 76CB8CBF2A10DCFA00D9D9A2 /* XCRemoteSwiftPackageReference "firebase-ios-sdk" */;
			productName = FirebaseFirestoreSwift;
		};
/* End XCSwiftPackageProductDependency section */
	};
	rootObject = 76CB8CA62A10DBC900D9D9A2 /* Project object */;
}
